lockfileVersion: '9.0'

settings:
  autoInstallPeers: true
  excludeLinksFromLockfile: false

importers:

  .:
    dependencies:
      chalk:
        specifier: 5.3.0
        version: 5.3.0
      noop6:
        specifier: ^1.0.0
        version: 1.0.0

packages:

  chalk@5.3.0:
    resolution: {integrity: sha512-dLitG79d+GV1Nb/VYcCDFivJeK1hiukt9QjRNVOsUtTy1rR1YJsmpGGTZ3qJos+uw7WmWF4wUwBd9jxjocFC2w==}
    engines: {node: ^12.17.0 || ^14.13 || >=16.0.0}

  noop6@1.0.0:
    resolution: {integrity: sha512-bSeMsAGWVq68QPvsTQR+Y87Bj7vQooQnjcuhU/RyRvkClvU4hoKAqSy1T/MKqd9b9rcQT0X14CSKaRrX6dOh2g==}

snapshots:

  chalk@5.3.0: {}

  noop6@1.0.0: {}
