lockfileVersion: '9.0'

settings:
  autoInstallPeers: true
  excludeLinksFromLockfile: false

importers:

  .:
    dependencies:
      chalk:
        specifier: 6.0.0
        version: 6.0.0
      noop6:
        specifier: ^2.0.0
        version: 2.0.0

packages:

  chalk@6.0.0:
    resolution: {integrity: sha512-2uNTXIuTTxk7ciZgAU1BQcgnchcG0xXnrs6jzkQfj9SsRa9M2s5zE8WT96hS6KmG4MzWHSrvH43DF1m4XRkrFg==}
    engines: {node: '>=22'}

  noop6@2.0.0:
    resolution: {integrity: sha512-Vd9nR3GCySx5o0mN+OM3dI2k7YaHDlrWIR2w8NfCo2p65L4rtralWDVRHaezw8IU9XU9yk7wAp7s6RP7W7umNw==}

snapshots:

  chalk@6.0.0: {}

  noop6@2.0.0: {}
